
Microsoft Visual Studio Solution File, Format Version 12.00
# Visual Studio Version 16
VisualStudioVersion = 16.0.29613.14
MinimumVisualStudioVersion = 10.0.40219.1
Project("{FAE04EC0-301F-11D3-BF4B-00C04F79EFBC}") = "Wpf_Pisarev_Aleksei_Nikolaevih_PR2", "Wpf_Pisarev_Aleksei_Nikolaevih_PR2.csproj", "{692D3235-CBB3-464E-9998-C1779E03E122}"
EndProject
Global
	GlobalSection(SolutionConfigurationPlatforms) = preSolution
		Debug|Any CPU = Debug|Any CPU
		Release|Any CPU = Release|Any CPU
	EndGlobalSection
	GlobalSection(ProjectConfigurationPlatforms) = postSolution
		{692D3235-CBB3-464E-9998-C1779E03E122}.Debug|Any CPU.ActiveCfg = Debug|Any CPU
		{692D3235-CBB3-464E-9998-C1779E03E122}.Debug|Any CPU.Build.0 = Debug|Any CPU
		{692D3235-CBB3-464E-9998-C1779E03E122}.Release|Any CPU.ActiveCfg = Release|Any CPU
		{692D3235-CBB3-464E-9998-C1779E03E122}.Release|Any CPU.Build.0 = Release|Any CPU
	EndGlobalSection
	GlobalSection(SolutionProperties) = preSolution
		HideSolutionNode = FALSE
	EndGlobalSection
	GlobalSection(ExtensibilityGlobals) = postSolution
		SolutionGuid = {83822D7F-81E8-4228-9F10-A1A2F0F8D14F}
	EndGlobalSection
EndGlobal
